
Microsoft Visual Studio Solution File, Format Version 12.00
# Visual Studio 15
VisualStudioVersion = 15.0.28307.572
MinimumVisualStudioVersion = 10.0.40219.1
Project("{FAE04EC0-301F-11D3-BF4B-00C04F79EFBC}") = "Test", "Test\Test.csproj", "{DBBCA56E-935D-4646-AE62-71F7FAC3EF3D}"
EndProject
Global
	GlobalSection(SolutionConfigurationPlatforms) = preSolution
		Debug|Any CPU = Debug|Any CPU
		Release|Any CPU = Release|Any CPU
	EndGlobalSection
	GlobalSection(ProjectConfigurationPlatforms) = postSolution
		{DBBCA56E-935D-4646-AE62-71F7FAC3EF3D}.Debug|Any CPU.ActiveCfg = Debug|Any CPU
		{DBBCA56E-935D-4646-AE62-71F7FAC3EF3D}.Debug|Any CPU.Build.0 = Debug|Any CPU
		{DBBCA56E-935D-4646-AE62-71F7FAC3EF3D}.Release|Any CPU.ActiveCfg = Release|Any CPU
		{DBBCA56E-935D-4646-AE62-71F7FAC3EF3D}.Release|Any CPU.Build.0 = Release|Any CPU
	EndGlobalSection
	GlobalSection(SolutionProperties) = preSolution
		HideSolutionNode = FALSE
	EndGlobalSection
	GlobalSection(ExtensibilityGlobals) = postSolution
		SolutionGuid = {C086CB56-C63E-4F9B-A628-2A41A56D3D5C}
	EndGlobalSection
EndGlobal
